
Microsoft Visual Studio Solution File, Format Version 12.00
# Visual Studio Version 16
VisualStudioVersion = 16.0.30204.135
MinimumVisualStudioVersion = 10.0.40219.1
Project("{9A19103F-16F7-4668-BE54-9A1E7A4F7556}") = "MakePlacePlugin", "MakePlacePlugin\MakePlacePlugin.csproj", "{479ADEA9-780A-4A8E-98A1-82C0399176E4}"
EndProject
Global
	GlobalSection(SolutionConfigurationPlatforms) = preSolution
		Debug|Any CPU = Debug|Any CPU
		Release|Any CPU = Release|Any CPU
	EndGlobalSection
	GlobalSection(ProjectConfigurationPlatforms) = postSolution
		{479ADEA9-780A-4A8E-98A1-82C0399176E4}.Debug|Any CPU.ActiveCfg = Debug|Any CPU
		{479ADEA9-780A-4A8E-98A1-82C0399176E4}.Debug|Any CPU.Build.0 = Debug|Any CPU
		{479ADEA9-780A-4A8E-98A1-82C0399176E4}.Release|Any CPU.ActiveCfg = Release|Any CPU
		{479ADEA9-780A-4A8E-98A1-82C0399176E4}.Release|Any CPU.Build.0 = Release|Any CPU
	EndGlobalSection
	GlobalSection(SolutionProperties) = preSolution
		HideSolutionNode = FALSE
	EndGlobalSection
	GlobalSection(ExtensibilityGlobals) = postSolution
		SolutionGuid = {0D7BC4A9-5CCC-47C8-9525-9597FCB81275}
	EndGlobalSection
EndGlobal
